name: Materialize npm lockfile
on:
  push:
    branches:
      - agent/modernize-frontend
    paths:
      - package-lock.json.gz

permissions:
  contents: write

jobs:
  materialize:
    runs-on: ubuntu-latest
    steps:
      - uses: actions/checkout@v4
      - name: Restore lockfile
        run: gzip -dc package-lock.json.gz > package-lock.json
      - name: Commit lockfile
        run: |
          git config user.name "github-actions[bot]"
          git config user.email "41898282+github-actions[bot]@users.noreply.github.com"
          git add package-lock.json
          git rm package-lock.json.gz
          git commit -m "Add updated npm lockfile"
          git push
